// !$*UTF8*$!
{
	archiveVersion = 1;
	classes = {
	};
	objectVersion = 77;
	objects = {

/* Begin PBXBuildFile section */
		0446101372807DE13882CE64 /* CodeHighlighterTests.swift in Sources */ = {isa = PBXBuildFile; fileRef = 3F99F6B50F02261233840C90 /* CodeHighlighterTests.swift */; };
		08FD2A416CAADEDA6D30FE17 /* Foundation.framework in Frameworks */ = {isa = PBXBuildFile; fileRef = D2A76DFA10A474203E9BC399 /* Foundation.framework */; };
		0D39096BB655156264F28F15 /* VaultSearcherTests.swift in Sources */ = {isa = PBXBuildFile; fileRef = E5AD1B944C27766C0D1B8171 /* VaultSearcherTests.swift */; };
		0F019CEE2B39B08715203EFE /* Filename.swift in Sources */ = {isa = PBXBuildFile; fileRef = 248679148E6BBB773E4057CB /* Filename.swift */; };
		19661B42974DB6C025286B5D /* Foundation.framework in Frameworks */ = {isa = PBXBuildFile; fileRef = D2A76DFA10A474203E9BC399 /* Foundation.framework */; };
		25418949B75727F5BE8B4E37 /* ClipService.swift in Sources */ = {isa = PBXBuildFile; fileRef = FC6FAEE2CC28DF727CC6A242 /* ClipService.swift */; };
		355CC074F6E48279EB39803C /* CoreUtilitiesTests.swift in Sources */ = {isa = PBXBuildFile; fileRef = A0A302682184DE41E6127699 /* CoreUtilitiesTests.swift */; };
		40169D5E79E4AC74CC563696 /* AppGroup.swift in Sources */ = {isa = PBXBuildFile; fileRef = EE3017206B0DFAFA5978F088 /* AppGroup.swift */; };
		540CE371C65A9DF1D029DC24 /* URLClassifierTests.swift in Sources */ = {isa = PBXBuildFile; fileRef = A53F4777D72BC2DD8B998CBA /* URLClassifierTests.swift */; };
		5D74D83AEF3F2B76DA164D1B /* FxTwitterClient.swift in Sources */ = {isa = PBXBuildFile; fileRef = 5ECC9D413C9D8B20CB8D04B5 /* FxTwitterClient.swift */; };
		5E7037ABDDB4B1F57E18E51C /* AskQueryEntryTests.swift in Sources */ = {isa = PBXBuildFile; fileRef = AD6C3F03EA1D28AB3DE2E218 /* AskQueryEntryTests.swift */; };
		74E865FA52FC784471F11EA0 /* ArticleExtractor.swift in Sources */ = {isa = PBXBuildFile; fileRef = 86AF7ECF5CB847D2BC8008F8 /* ArticleExtractor.swift */; };
		77115EE87CB7F0B9A8115541 /* VaultAccess.swift in Sources */ = {isa = PBXBuildFile; fileRef = D0A8DC4658E18C334F54E71B /* VaultAccess.swift */; };
		87C1370CBAC0412A0996531A /* URLClassifier.swift in Sources */ = {isa = PBXBuildFile; fileRef = 8D1871AB6E35F67D7512CF0E /* URLClassifier.swift */; };
		894824EC0F86595D1DAC42FE /* FxTwitterDecodeTests.swift in Sources */ = {isa = PBXBuildFile; fileRef = CF310A4F617D93B73FC76CA8 /* FxTwitterDecodeTests.swift */; };
		9029B8292106B3DE11C78D68 /* ArticleVideoTests.swift in Sources */ = {isa = PBXBuildFile; fileRef = C467FD50D74F1FCE07E4A8A1 /* ArticleVideoTests.swift */; };
		9283D018B10552191F8EC8D0 /* AskHistoryStoreTests.swift in Sources */ = {isa = PBXBuildFile; fileRef = E8FC3318B80B622EB2B0736B /* AskHistoryStoreTests.swift */; };
		9B3955573558043273CB1AEB /* WikiReaderExtension.appex in Embed Foundation Extensions */ = {isa = PBXBuildFile; fileRef = 4AA1FE28E97816250DFE1820 /* WikiReaderExtension.appex */; settings = {ATTRIBUTES = (RemoveHeadersOnCopy, ); }; };
		9D0A8D6A9AD01154697522E6 /* MarkdownParserTests.swift in Sources */ = {isa = PBXBuildFile; fileRef = FCC3CE56892614A9CAEC5BAF /* MarkdownParserTests.swift */; };
		A130F6CFA0D4752660C1D2EF /* HomeCoreTests.swift in Sources */ = {isa = PBXBuildFile; fileRef = 0FDEC78573B8F66235D41107 /* HomeCoreTests.swift */; };
		A1680C652B98EA4ED072F969 /* VaultBookmarkStore.swift in Sources */ = {isa = PBXBuildFile; fileRef = 52F13FF39EC69202BEA4356C /* VaultBookmarkStore.swift */; };
		BE2A119E258DA1C90A5EE19D /* VaultWriter.swift in Sources */ = {isa = PBXBuildFile; fileRef = A93EFBE64F2383BE625945E9 /* VaultWriter.swift */; };
		CB4DC697AC7842B5A2A686D3 /* ShareViewController.swift in Sources */ = {isa = PBXBuildFile; fileRef = D5FE4352D9AD025771D3E7F5 /* ShareViewController.swift */; };
		D137E0AB455B0CA0DE7B4E8C /* ClipError.swift in Sources */ = {isa = PBXBuildFile; fileRef = 46C256EE1FC2F31DB64E2EEB /* ClipError.swift */; };
		DCE608FDA9830C8C8D875F50 /* MarkdownComposer.swift in Sources */ = {isa = PBXBuildFile; fileRef = 775CF6F499303F68EA2C7354 /* MarkdownComposer.swift */; };
		DDE788141F39CE29CAE00ACC /* TweetContent.swift in Sources */ = {isa = PBXBuildFile; fileRef = 9894A7D905054F62B2C97A6F /* TweetContent.swift */; };
		F56B6C98FAE560067D6C4F41 /* ShareFlow.swift in Sources */ = {isa = PBXBuildFile; fileRef = 6BC1910D47ED781DA341B3D3 /* ShareFlow.swift */; };
/* End PBXBuildFile section */

/* Begin PBXContainerItemProxy section */
		43D6DD709C8F6C7BFBD2C907 /* PBXContainerItemProxy */ = {
			isa = PBXContainerItemProxy;
			containerPortal = E152E22D2FC2F9C10044EE7E /* Project object */;
			proxyType = 1;
			remoteGlobalIDString = D0FD0249A4F99E73DF6341BC;
			remoteInfo = WikiReaderExtension;
		};
		E3BCCDE3F8742405CC055205 /* PBXContainerItemProxy */ = {
			isa = PBXContainerItemProxy;
			containerPortal = E152E22D2FC2F9C10044EE7E /* Project object */;
			proxyType = 1;
			remoteGlobalIDString = E152E2342FC2F9C10044EE7E;
			remoteInfo = WikiReader;
		};
/* End PBXContainerItemProxy section */

/* Begin PBXCopyFilesBuildPhase section */
		E080DD1EBBDD71E74F5C5A39 /* Embed Foundation Extensions */ = {
			isa = PBXCopyFilesBuildPhase;
			buildActionMask = 2147483647;
			dstPath = "";
			dstSubfolderSpec = 13;
			files = (
				9B3955573558043273CB1AEB /* WikiReaderExtension.appex in Embed Foundation Extensions */,
			);
			name = "Embed Foundation Extensions";
			runOnlyForDeploymentPostprocessing = 0;
		};
/* End PBXCopyFilesBuildPhase section */

/* Begin PBXFileReference section */
		0FDEC78573B8F66235D41107 /* HomeCoreTests.swift */ = {isa = PBXFileReference; includeInIndex = 1; lastKnownFileType = sourcecode.swift; path = HomeCoreTests.swift; sourceTree = "<group>"; };
		248679148E6BBB773E4057CB /* Filename.swift */ = {isa = PBXFileReference; includeInIndex = 1; lastKnownFileType = sourcecode.swift; path = Filename.swift; sourceTree = "<group>"; };
		3F99F6B50F02261233840C90 /* CodeHighlighterTests.swift */ = {isa = PBXFileReference; includeInIndex = 1; lastKnownFileType = sourcecode.swift; path = CodeHighlighterTests.swift; sourceTree = "<group>"; };
		3FBDD029F49FE596C7D9BF4E /* WikiReaderTests.xctest */ = {isa = PBXFileReference; explicitFileType = wrapper.cfbundle; includeInIndex = 0; path = WikiReaderTests.xctest; sourceTree = BUILT_PRODUCTS_DIR; };
		46C256EE1FC2F31DB64E2EEB /* ClipError.swift */ = {isa = PBXFileReference; includeInIndex = 1; lastKnownFileType = sourcecode.swift; path = ClipError.swift; sourceTree = "<group>"; };
		4AA1FE28E97816250DFE1820 /* WikiReaderExtension.appex */ = {isa = PBXFileReference; explicitFileType = "wrapper.app-extension"; includeInIndex = 0; path = WikiReaderExtension.appex; sourceTree = BUILT_PRODUCTS_DIR; };
		52F13FF39EC69202BEA4356C /* VaultBookmarkStore.swift */ = {isa = PBXFileReference; includeInIndex = 1; lastKnownFileType = sourcecode.swift; path = VaultBookmarkStore.swift; sourceTree = "<group>"; };
		5ECC9D413C9D8B20CB8D04B5 /* FxTwitterClient.swift */ = {isa = PBXFileReference; includeInIndex = 1; lastKnownFileType = sourcecode.swift; path = FxTwitterClient.swift; sourceTree = "<group>"; };
		6BC1910D47ED781DA341B3D3 /* ShareFlow.swift */ = {isa = PBXFileReference; includeInIndex = 1; lastKnownFileType = sourcecode.swift; path = ShareFlow.swift; sourceTree = "<group>"; };
		775CF6F499303F68EA2C7354 /* MarkdownComposer.swift */ = {isa = PBXFileReference; includeInIndex = 1; lastKnownFileType = sourcecode.swift; path = MarkdownComposer.swift; sourceTree = "<group>"; };
		86AF7ECF5CB847D2BC8008F8 /* ArticleExtractor.swift */ = {isa = PBXFileReference; includeInIndex = 1; lastKnownFileType = sourcecode.swift; path = ArticleExtractor.swift; sourceTree = "<group>"; };
		8D1871AB6E35F67D7512CF0E /* URLClassifier.swift */ = {isa = PBXFileReference; includeInIndex = 1; lastKnownFileType = sourcecode.swift; path = URLClassifier.swift; sourceTree = "<group>"; };
		9894A7D905054F62B2C97A6F /* TweetContent.swift */ = {isa = PBXFileReference; includeInIndex = 1; lastKnownFileType = sourcecode.swift; path = TweetContent.swift; sourceTree = "<group>"; };
		A0A302682184DE41E6127699 /* CoreUtilitiesTests.swift */ = {isa = PBXFileReference; includeInIndex = 1; lastKnownFileType = sourcecode.swift; path = CoreUtilitiesTests.swift; sourceTree = "<group>"; };
		A53F4777D72BC2DD8B998CBA /* URLClassifierTests.swift */ = {isa = PBXFileReference; includeInIndex = 1; lastKnownFileType = sourcecode.swift; path = URLClassifierTests.swift; sourceTree = "<group>"; };
		A93EFBE64F2383BE625945E9 /* VaultWriter.swift */ = {isa = PBXFileReference; includeInIndex = 1; lastKnownFileType = sourcecode.swift; path = VaultWriter.swift; sourceTree = "<group>"; };
		AD6C3F03EA1D28AB3DE2E218 /* AskQueryEntryTests.swift */ = {isa = PBXFileReference; includeInIndex = 1; lastKnownFileType = sourcecode.swift; path = AskQueryEntryTests.swift; sourceTree = "<group>"; };
		C467FD50D74F1FCE07E4A8A1 /* ArticleVideoTests.swift */ = {isa = PBXFileReference; includeInIndex = 1; lastKnownFileType = sourcecode.swift; path = ArticleVideoTests.swift; sourceTree = "<group>"; };
		CF310A4F617D93B73FC76CA8 /* FxTwitterDecodeTests.swift */ = {isa = PBXFileReference; includeInIndex = 1; lastKnownFileType = sourcecode.swift; path = FxTwitterDecodeTests.swift; sourceTree = "<group>"; };
		D0A8DC4658E18C334F54E71B /* VaultAccess.swift */ = {isa = PBXFileReference; includeInIndex = 1; lastKnownFileType = sourcecode.swift; path = VaultAccess.swift; sourceTree = "<group>"; };
		D2A76DFA10A474203E9BC399 /* Foundation.framework */ = {isa = PBXFileReference; lastKnownFileType = wrapper.framework; name = Foundation.framework; path = Platforms/iPhoneOS.platform/Developer/SDKs/iPhoneOS18.0.sdk/System/Library/Frameworks/Foundation.framework; sourceTree = DEVELOPER_DIR; };
		D5FE4352D9AD025771D3E7F5 /* ShareViewController.swift */ = {isa = PBXFileReference; includeInIndex = 1; lastKnownFileType = sourcecode.swift; path = ShareViewController.swift; sourceTree = "<group>"; };
		E152E2352FC2F9C10044EE7E /* WikiReader.app */ = {isa = PBXFileReference; explicitFileType = wrapper.application; includeInIndex = 0; path = WikiReader.app; sourceTree = BUILT_PRODUCTS_DIR; };
		E5AD1B944C27766C0D1B8171 /* VaultSearcherTests.swift */ = {isa = PBXFileReference; includeInIndex = 1; lastKnownFileType = sourcecode.swift; path = VaultSearcherTests.swift; sourceTree = "<group>"; };
		E8FC3318B80B622EB2B0736B /* AskHistoryStoreTests.swift */ = {isa = PBXFileReference; includeInIndex = 1; lastKnownFileType = sourcecode.swift; path = AskHistoryStoreTests.swift; sourceTree = "<group>"; };
		EE3017206B0DFAFA5978F088 /* AppGroup.swift */ = {isa = PBXFileReference; includeInIndex = 1; lastKnownFileType = sourcecode.swift; path = AppGroup.swift; sourceTree = "<group>"; };
		FC6FAEE2CC28DF727CC6A242 /* ClipService.swift */ = {isa = PBXFileReference; includeInIndex = 1; lastKnownFileType = sourcecode.swift; path = ClipService.swift; sourceTree = "<group>"; };
		FCC3CE56892614A9CAEC5BAF /* MarkdownParserTests.swift */ = {isa = PBXFileReference; includeInIndex = 1; lastKnownFileType = sourcecode.swift; path = MarkdownParserTests.swift; sourceTree = "<group>"; };
/* End PBXFileReference section */

/* Begin PBXFileSystemSynchronizedRootGroup section */
		E152E2372FC2F9C10044EE7E /* WikiReader */ = {
			isa = PBXFileSystemSynchronizedRootGroup;
			path = WikiReader;
			sourceTree = "<group>";
		};
/* End PBXFileSystemSynchronizedRootGroup section */

/* Begin PBXFrameworksBuildPhase section */
		904A8DC80DBFCC90B5515DF4 /* Frameworks */ = {
			isa = PBXFrameworksBuildPhase;
			buildActionMask = 2147483647;
			files = (
				19661B42974DB6C025286B5D /* Foundation.framework in Frameworks */,
			);
			runOnlyForDeploymentPostprocessing = 0;
		};
		B5FF9D63D6087C1EF9498B49 /* Frameworks */ = {
			isa = PBXFrameworksBuildPhase;
			buildActionMask = 2147483647;
			files = (
				08FD2A416CAADEDA6D30FE17 /* Foundation.framework in Frameworks */,
			);
			runOnlyForDeploymentPostprocessing = 0;
		};
		E152E2322FC2F9C10044EE7E /* Frameworks */ = {
			isa = PBXFrameworksBuildPhase;
			buildActionMask = 2147483647;
			files = (
			);
			runOnlyForDeploymentPostprocessing = 0;
		};
/* End PBXFrameworksBuildPhase section */

/* Begin PBXGroup section */
		321394D3C74C2407D97B5791 /* Frameworks */ = {
			isa = PBXGroup;
			children = (
				4A12ABFFC5C85575CCAA51A6 /* iOS */,
			);
			name = Frameworks;
			sourceTree = "<group>";
		};
		4A12ABFFC5C85575CCAA51A6 /* iOS */ = {
			isa = PBXGroup;
			children = (
				D2A76DFA10A474203E9BC399 /* Foundation.framework */,
			);
			name = iOS;
			sourceTree = "<group>";
		};
		52450D0E72219C4164ACCDA6 /* WikiReaderTests */ = {
			isa = PBXGroup;
			children = (
				A0A302682184DE41E6127699 /* CoreUtilitiesTests.swift */,
				CF310A4F617D93B73FC76CA8 /* FxTwitterDecodeTests.swift */,
				FCC3CE56892614A9CAEC5BAF /* MarkdownParserTests.swift */,
				A53F4777D72BC2DD8B998CBA /* URLClassifierTests.swift */,
				C467FD50D74F1FCE07E4A8A1 /* ArticleVideoTests.swift */,
				3F99F6B50F02261233840C90 /* CodeHighlighterTests.swift */,
				E5AD1B944C27766C0D1B8171 /* VaultSearcherTests.swift */,
				0FDEC78573B8F66235D41107 /* HomeCoreTests.swift */,
				AD6C3F03EA1D28AB3DE2E218 /* AskQueryEntryTests.swift */,
				E8FC3318B80B622EB2B0736B /* AskHistoryStoreTests.swift */,
			);
			path = WikiReaderTests;
			sourceTree = "<group>";
		};
		BBD72EBDA160FBD53ADF710D /* SharedCore */ = {
			isa = PBXGroup;
			children = (
				EE3017206B0DFAFA5978F088 /* AppGroup.swift */,
				46C256EE1FC2F31DB64E2EEB /* ClipError.swift */,
				FC6FAEE2CC28DF727CC6A242 /* ClipService.swift */,
				248679148E6BBB773E4057CB /* Filename.swift */,
				5ECC9D413C9D8B20CB8D04B5 /* FxTwitterClient.swift */,
				775CF6F499303F68EA2C7354 /* MarkdownComposer.swift */,
				9894A7D905054F62B2C97A6F /* TweetContent.swift */,
				8D1871AB6E35F67D7512CF0E /* URLClassifier.swift */,
				D0A8DC4658E18C334F54E71B /* VaultAccess.swift */,
				52F13FF39EC69202BEA4356C /* VaultBookmarkStore.swift */,
				A93EFBE64F2383BE625945E9 /* VaultWriter.swift */,
				86AF7ECF5CB847D2BC8008F8 /* ArticleExtractor.swift */,
			);
			name = SharedCore;
			path = WikiReader/Core;
			sourceTree = "<group>";
		};
		E152E22C2FC2F9C10044EE7E = {
			isa = PBXGroup;
			children = (
				E152E2372FC2F9C10044EE7E /* WikiReader */,
				E152E2362FC2F9C10044EE7E /* Products */,
				321394D3C74C2407D97B5791 /* Frameworks */,
				EFEAA2B7A0AD3EFDAF944C23 /* WikiReaderExtension */,
				BBD72EBDA160FBD53ADF710D /* SharedCore */,
				52450D0E72219C4164ACCDA6 /* WikiReaderTests */,
			);
			sourceTree = "<group>";
		};
		E152E2362FC2F9C10044EE7E /* Products */ = {
			isa = PBXGroup;
			children = (
				E152E2352FC2F9C10044EE7E /* WikiReader.app */,
				4AA1FE28E97816250DFE1820 /* WikiReaderExtension.appex */,
				3FBDD029F49FE596C7D9BF4E /* WikiReaderTests.xctest */,
			);
			name = Products;
			sourceTree = "<group>";
		};
		EFEAA2B7A0AD3EFDAF944C23 /* WikiReaderExtension */ = {
			isa = PBXGroup;
			children = (
				D5FE4352D9AD025771D3E7F5 /* ShareViewController.swift */,
				6BC1910D47ED781DA341B3D3 /* ShareFlow.swift */,
			);
			path = WikiReaderExtension;
			sourceTree = "<group>";
		};
/* End PBXGroup section */

/* Begin PBXNativeTarget section */
		4609F2EA4641ACBE9C895F8C /* WikiReaderTests */ = {
			isa = PBXNativeTarget;
			buildConfigurationList = A7E76182C2D5276FFFC85000 /* Build configuration list for PBXNativeTarget "WikiReaderTests" */;
			buildPhases = (
				8B37842C3096BB5AA2A75737 /* Sources */,
				904A8DC80DBFCC90B5515DF4 /* Frameworks */,
				5D11EB9D37655C233AA5A323 /* Resources */,
			);
			buildRules = (
			);
			dependencies = (
				5E7052222518E514CB2CAE49 /* PBXTargetDependency */,
			);
			name = WikiReaderTests;
			productName = WikiReaderTests;
			productReference = 3FBDD029F49FE596C7D9BF4E /* WikiReaderTests.xctest */;
			productType = "com.apple.product-type.bundle.unit-test";
		};
		D0FD0249A4F99E73DF6341BC /* WikiReaderExtension */ = {
			isa = PBXNativeTarget;
			buildConfigurationList = DBB9544443E3F7D07D1BFC27 /* Build configuration list for PBXNativeTarget "WikiReaderExtension" */;
			buildPhases = (
				B2EE6D43B58D20FA9B7D2A1B /* Sources */,
				B5FF9D63D6087C1EF9498B49 /* Frameworks */,
				6E33E5ED3C6B9FCDD1CBFA5A /* Resources */,
			);
			buildRules = (
			);
			dependencies = (
			);
			name = WikiReaderExtension;
			productName = WikiReaderExtension;
			productReference = 4AA1FE28E97816250DFE1820 /* WikiReaderExtension.appex */;
			productType = "com.apple.product-type.app-extension";
		};
		E152E2342FC2F9C10044EE7E /* WikiReader */ = {
			isa = PBXNativeTarget;
			buildConfigurationList = E152E2402FC2F9C30044EE7E /* Build configuration list for PBXNativeTarget "WikiReader" */;
			buildPhases = (
				E152E2312FC2F9C10044EE7E /* Sources */,
				E152E2322FC2F9C10044EE7E /* Frameworks */,
				E152E2332FC2F9C10044EE7E /* Resources */,
				E080DD1EBBDD71E74F5C5A39 /* Embed Foundation Extensions */,
			);
			buildRules = (
			);
			dependencies = (
				287D602E4F06D53C5409FEB9 /* PBXTargetDependency */,
			);
			fileSystemSynchronizedGroups = (
				E152E2372FC2F9C10044EE7E /* WikiReader */,
			);
			name = WikiReader;
			productName = WikiReader;
			productReference = E152E2352FC2F9C10044EE7E /* WikiReader.app */;
			productType = "com.apple.product-type.application";
		};
/* End PBXNativeTarget section */

/* Begin PBXProject section */
		E152E22D2FC2F9C10044EE7E /* Project object */ = {
			isa = PBXProject;
			attributes = {
				BuildIndependentTargetsInParallel = 1;
				LastSwiftUpdateCheck = 2650;
				LastUpgradeCheck = 2650;
				TargetAttributes = {
					E152E2342FC2F9C10044EE7E = {
						CreatedOnToolsVersion = 26.5;
					};
				};
			};
			buildConfigurationList = E152E2302FC2F9C10044EE7E /* Build configuration list for PBXProject "WikiReader" */;
			developmentRegion = en;
			hasScannedForEncodings = 0;
			knownRegions = (
				en,
				Base,
			);
			mainGroup = E152E22C2FC2F9C10044EE7E;
			minimizedProjectReferenceProxies = 1;
			preferredProjectObjectVersion = 77;
			productRefGroup = E152E2362FC2F9C10044EE7E /* Products */;
			projectDirPath = "";
			projectRoot = "";
			targets = (
				E152E2342FC2F9C10044EE7E /* WikiReader */,
				D0FD0249A4F99E73DF6341BC /* WikiReaderExtension */,
				4609F2EA4641ACBE9C895F8C /* WikiReaderTests */,
			);
		};
/* End PBXProject section */

/* Begin PBXResourcesBuildPhase section */
		5D11EB9D37655C233AA5A323 /* Resources */ = {
			isa = PBXResourcesBuildPhase;
			buildActionMask = 2147483647;
			files = (
			);
			runOnlyForDeploymentPostprocessing = 0;
		};
		6E33E5ED3C6B9FCDD1CBFA5A /* Resources */ = {
			isa = PBXResourcesBuildPhase;
			buildActionMask = 2147483647;
			files = (
			);
			runOnlyForDeploymentPostprocessing = 0;
		};
		E152E2332FC2F9C10044EE7E /* Resources */ = {
			isa = PBXResourcesBuildPhase;
			buildActionMask = 2147483647;
			files = (
			);
			runOnlyForDeploymentPostprocessing = 0;
		};
/* End PBXResourcesBuildPhase section */

/* Begin PBXSourcesBuildPhase section */
		8B37842C3096BB5AA2A75737 /* Sources */ = {
			isa = PBXSourcesBuildPhase;
			buildActionMask = 2147483647;
			files = (
				355CC074F6E48279EB39803C /* CoreUtilitiesTests.swift in Sources */,
				894824EC0F86595D1DAC42FE /* FxTwitterDecodeTests.swift in Sources */,
				9D0A8D6A9AD01154697522E6 /* MarkdownParserTests.swift in Sources */,
				540CE371C65A9DF1D029DC24 /* URLClassifierTests.swift in Sources */,
				9029B8292106B3DE11C78D68 /* ArticleVideoTests.swift in Sources */,
				0446101372807DE13882CE64 /* CodeHighlighterTests.swift in Sources */,
				0D39096BB655156264F28F15 /* VaultSearcherTests.swift in Sources */,
				A130F6CFA0D4752660C1D2EF /* HomeCoreTests.swift in Sources */,
				5E7037ABDDB4B1F57E18E51C /* AskQueryEntryTests.swift in Sources */,
				9283D018B10552191F8EC8D0 /* AskHistoryStoreTests.swift in Sources */,
			);
			runOnlyForDeploymentPostprocessing = 0;
		};
		B2EE6D43B58D20FA9B7D2A1B /* Sources */ = {
			isa = PBXSourcesBuildPhase;
			buildActionMask = 2147483647;
			files = (
				CB4DC697AC7842B5A2A686D3 /* ShareViewController.swift in Sources */,
				F56B6C98FAE560067D6C4F41 /* ShareFlow.swift in Sources */,
				40169D5E79E4AC74CC563696 /* AppGroup.swift in Sources */,
				D137E0AB455B0CA0DE7B4E8C /* ClipError.swift in Sources */,
				25418949B75727F5BE8B4E37 /* ClipService.swift in Sources */,
				0F019CEE2B39B08715203EFE /* Filename.swift in Sources */,
				5D74D83AEF3F2B76DA164D1B /* FxTwitterClient.swift in Sources */,
				DCE608FDA9830C8C8D875F50 /* MarkdownComposer.swift in Sources */,
				DDE788141F39CE29CAE00ACC /* TweetContent.swift in Sources */,
				87C1370CBAC0412A0996531A /* URLClassifier.swift in Sources */,
				77115EE87CB7F0B9A8115541 /* VaultAccess.swift in Sources */,
				A1680C652B98EA4ED072F969 /* VaultBookmarkStore.swift in Sources */,
				BE2A119E258DA1C90A5EE19D /* VaultWriter.swift in Sources */,
				74E865FA52FC784471F11EA0 /* ArticleExtractor.swift in Sources */,
			);
			runOnlyForDeploymentPostprocessing = 0;
		};
		E152E2312FC2F9C10044EE7E /* Sources */ = {
			isa = PBXSourcesBuildPhase;
			buildActionMask = 2147483647;
			files = (
			);
			runOnlyForDeploymentPostprocessing = 0;
		};
/* End PBXSourcesBuildPhase section */

/* Begin PBXTargetDependency section */
		287D602E4F06D53C5409FEB9 /* PBXTargetDependency */ = {
			isa = PBXTargetDependency;
			name = WikiReaderExtension;
			target = D0FD0249A4F99E73DF6341BC /* WikiReaderExtension */;
			targetProxy = 43D6DD709C8F6C7BFBD2C907 /* PBXContainerItemProxy */;
		};
		5E7052222518E514CB2CAE49 /* PBXTargetDependency */ = {
			isa = PBXTargetDependency;
			name = WikiReader;
			target = E152E2342FC2F9C10044EE7E /* WikiReader */;
			targetProxy = E3BCCDE3F8742405CC055205 /* PBXContainerItemProxy */;
		};
/* End PBXTargetDependency section */

/* Begin XCBuildConfiguration section */
		4102C625EFB600CF334DF78D /* Release */ = {
			isa = XCBuildConfiguration;
			buildSettings = {
				BUNDLE_LOADER = "$(TEST_HOST)";
				CLANG_ENABLE_OBJC_WEAK = NO;
				CODE_SIGN_STYLE = Automatic;
				DEVELOPMENT_TEAM = QUX9EWZ335;
				GENERATE_INFOPLIST_FILE = YES;
				IPHONEOS_DEPLOYMENT_TARGET = 26.5;
				PRODUCT_BUNDLE_IDENTIFIER = com.anifoca.WikiReaderTests;
				PRODUCT_NAME = "$(TARGET_NAME)";
				SDKROOT = iphoneos;
				SWIFT_APPROACHABLE_CONCURRENCY = YES;
				SWIFT_VERSION = 5.0;
				TARGETED_DEVICE_FAMILY = "1,2";
				TEST_HOST = "$(BUILT_PRODUCTS_DIR)/WikiReader.app/WikiReader";
				VALIDATE_PRODUCT = YES;
			};
			name = Release;
		};
		70B466975DF462002F0D58FA /* Debug */ = {
			isa = XCBuildConfiguration;
			buildSettings = {
				CLANG_ENABLE_OBJC_WEAK = NO;
				CODE_SIGN_ENTITLEMENTS = WikiReaderExtension/WikiReaderExtension.entitlements;
				CODE_SIGN_STYLE = Automatic;
				CURRENT_PROJECT_VERSION = 1;
				DEVELOPMENT_TEAM = QUX9EWZ335;
				ENABLE_USER_SCRIPT_SANDBOXING = YES;
				GENERATE_INFOPLIST_FILE = YES;
				INFOPLIST_FILE = WikiReaderExtension/Info.plist;
				IPHONEOS_DEPLOYMENT_TARGET = 26.5;
				LD_RUNPATH_SEARCH_PATHS = (
					"$(inherited)",
					"@executable_path/Frameworks",
					"@executable_path/../../Frameworks",
				);
				MARKETING_VERSION = 1.0;
				PRODUCT_BUNDLE_IDENTIFIER = com.anifoca.WikiReader.WikiReaderExtension;
				PRODUCT_NAME = "$(TARGET_NAME)";
				SDKROOT = iphoneos;
				SKIP_INSTALL = YES;
				SWIFT_APPROACHABLE_CONCURRENCY = YES;
				SWIFT_DEFAULT_ACTOR_ISOLATION = MainActor;
				SWIFT_EMIT_LOC_STRINGS = YES;
				SWIFT_VERSION = 5.0;
				TARGETED_DEVICE_FAMILY = "1,2";
			};
			name = Debug;
		};
		AD3E482F34905C691EC755C4 /* Release */ = {
			isa = XCBuildConfiguration;
			buildSettings = {
				CLANG_ENABLE_OBJC_WEAK = NO;
				CODE_SIGN_ENTITLEMENTS = WikiReaderExtension/WikiReaderExtension.entitlements;
				CODE_SIGN_STYLE = Automatic;
				CURRENT_PROJECT_VERSION = 1;
				DEVELOPMENT_TEAM = QUX9EWZ335;
				ENABLE_USER_SCRIPT_SANDBOXING = YES;
				GENERATE_INFOPLIST_FILE = YES;
				INFOPLIST_FILE = WikiReaderExtension/Info.plist;
				IPHONEOS_DEPLOYMENT_TARGET = 26.5;
				LD_RUNPATH_SEARCH_PATHS = (
					"$(inherited)",
					"@executable_path/Frameworks",
					"@executable_path/../../Frameworks",
				);
				MARKETING_VERSION = 1.0;
				PRODUCT_BUNDLE_IDENTIFIER = com.anifoca.WikiReader.WikiReaderExtension;
				PRODUCT_NAME = "$(TARGET_NAME)";
				SDKROOT = iphoneos;
				SKIP_INSTALL = YES;
				SWIFT_APPROACHABLE_CONCURRENCY = YES;
				SWIFT_DEFAULT_ACTOR_ISOLATION = MainActor;
				SWIFT_EMIT_LOC_STRINGS = YES;
				SWIFT_VERSION = 5.0;
				TARGETED_DEVICE_FAMILY = "1,2";
				VALIDATE_PRODUCT = YES;
			};
			name = Release;
		};
		CA490D4A7DD533F2829D6C34 /* Debug */ = {
			isa = XCBuildConfiguration;
			buildSettings = {
				BUNDLE_LOADER = "$(TEST_HOST)";
				CLANG_ENABLE_OBJC_WEAK = NO;
				CODE_SIGN_STYLE = Automatic;
				DEVELOPMENT_TEAM = QUX9EWZ335;
				GENERATE_INFOPLIST_FILE = YES;
				IPHONEOS_DEPLOYMENT_TARGET = 26.5;
				PRODUCT_BUNDLE_IDENTIFIER = com.anifoca.WikiReaderTests;
				PRODUCT_NAME = "$(TARGET_NAME)";
				SDKROOT = iphoneos;
				SWIFT_APPROACHABLE_CONCURRENCY = YES;
				SWIFT_VERSION = 5.0;
				TARGETED_DEVICE_FAMILY = "1,2";
				TEST_HOST = "$(BUILT_PRODUCTS_DIR)/WikiReader.app/WikiReader";
			};
			name = Debug;
		};
		E152E23E2FC2F9C30044EE7E /* Debug */ = {
			isa = XCBuildConfiguration;
			buildSettings = {
				ALWAYS_SEARCH_USER_PATHS = NO;
				ASSETCATALOG_COMPILER_GENERATE_SWIFT_ASSET_SYMBOL_EXTENSIONS = YES;
				CLANG_ANALYZER_NONNULL = YES;
				CLANG_ANALYZER_NUMBER_OBJECT_CONVERSION = YES_AGGRESSIVE;
				CLANG_CXX_LANGUAGE_STANDARD = "gnu++20";
				CLANG_ENABLE_MODULES = YES;
				CLANG_ENABLE_OBJC_ARC = YES;
				CLANG_ENABLE_OBJC_WEAK = YES;
				CLANG_WARN_BLOCK_CAPTURE_AUTORELEASING = YES;
				CLANG_WARN_BOOL_CONVERSION = YES;
				CLANG_WARN_COMMA = YES;
				CLANG_WARN_CONSTANT_CONVERSION = YES;
				CLANG_WARN_DEPRECATED_OBJC_IMPLEMENTATIONS = YES;
				CLANG_WARN_DIRECT_OBJC_ISA_USAGE = YES_ERROR;
				CLANG_WARN_DOCUMENTATION_COMMENTS = YES;
				CLANG_WARN_EMPTY_BODY = YES;
				CLANG_WARN_ENUM_CONVERSION = YES;
				CLANG_WARN_INFINITE_RECURSION = YES;
				CLANG_WARN_INT_CONVERSION = YES;
				CLANG_WARN_NON_LITERAL_NULL_CONVERSION = YES;
				CLANG_WARN_OBJC_IMPLICIT_RETAIN_SELF = YES;
				CLANG_WARN_OBJC_LITERAL_CONVERSION = YES;
				CLANG_WARN_OBJC_ROOT_CLASS = YES_ERROR;
				CLANG_WARN_QUOTED_INCLUDE_IN_FRAMEWORK_HEADER = YES;
				CLANG_WARN_RANGE_LOOP_ANALYSIS = YES;
				CLANG_WARN_STRICT_PROTOTYPES = YES;
				CLANG_WARN_SUSPICIOUS_MOVE = YES;
				CLANG_WARN_UNGUARDED_AVAILABILITY = YES_AGGRESSIVE;
				CLANG_WARN_UNREACHABLE_CODE = YES;
				CLANG_WARN__DUPLICATE_METHOD_MATCH = YES;
				COPY_PHASE_STRIP = NO;
				DEBUG_INFORMATION_FORMAT = dwarf;
				DEVELOPMENT_TEAM = QUX9EWZ335;
				ENABLE_STRICT_OBJC_MSGSEND = YES;
				ENABLE_TESTABILITY = YES;
				ENABLE_USER_SCRIPT_SANDBOXING = YES;
				GCC_C_LANGUAGE_STANDARD = gnu17;
				GCC_DYNAMIC_NO_PIC = NO;
				GCC_NO_COMMON_BLOCKS = YES;
				GCC_OPTIMIZATION_LEVEL = 0;
				GCC_PREPROCESSOR_DEFINITIONS = (
					"DEBUG=1",
					"$(inherited)",
				);
				GCC_WARN_64_TO_32_BIT_CONVERSION = YES;
				GCC_WARN_ABOUT_RETURN_TYPE = YES_ERROR;
				GCC_WARN_UNDECLARED_SELECTOR = YES;
				GCC_WARN_UNINITIALIZED_AUTOS = YES_AGGRESSIVE;
				GCC_WARN_UNUSED_FUNCTION = YES;
				GCC_WARN_UNUSED_VARIABLE = YES;
				IPHONEOS_DEPLOYMENT_TARGET = 26.5;
				LOCALIZATION_PREFERS_STRING_CATALOGS = YES;
				MTL_ENABLE_DEBUG_INFO = INCLUDE_SOURCE;
				MTL_FAST_MATH = YES;
				ONLY_ACTIVE_ARCH = YES;
				SDKROOT = iphoneos;
				SWIFT_ACTIVE_COMPILATION_CONDITIONS = "DEBUG $(inherited)";
				SWIFT_OPTIMIZATION_LEVEL = "-Onone";
			};
			name = Debug;
		};
		E152E23F2FC2F9C30044EE7E /* Release */ = {
			isa = XCBuildConfiguration;
			buildSettings = {
				ALWAYS_SEARCH_USER_PATHS = NO;
				ASSETCATALOG_COMPILER_GENERATE_SWIFT_ASSET_SYMBOL_EXTENSIONS = YES;
				CLANG_ANALYZER_NONNULL = YES;
				CLANG_ANALYZER_NUMBER_OBJECT_CONVERSION = YES_AGGRESSIVE;
				CLANG_CXX_LANGUAGE_STANDARD = "gnu++20";
				CLANG_ENABLE_MODULES = YES;
				CLANG_ENABLE_OBJC_ARC = YES;
				CLANG_ENABLE_OBJC_WEAK = YES;
				CLANG_WARN_BLOCK_CAPTURE_AUTORELEASING = YES;
				CLANG_WARN_BOOL_CONVERSION = YES;
				CLANG_WARN_COMMA = YES;
				CLANG_WARN_CONSTANT_CONVERSION = YES;
				CLANG_WARN_DEPRECATED_OBJC_IMPLEMENTATIONS = YES;
				CLANG_WARN_DIRECT_OBJC_ISA_USAGE = YES_ERROR;
				CLANG_WARN_DOCUMENTATION_COMMENTS = YES;
				CLANG_WARN_EMPTY_BODY = YES;
				CLANG_WARN_ENUM_CONVERSION = YES;
				CLANG_WARN_INFINITE_RECURSION = YES;
				CLANG_WARN_INT_CONVERSION = YES;
				CLANG_WARN_NON_LITERAL_NULL_CONVERSION = YES;
				CLANG_WARN_OBJC_IMPLICIT_RETAIN_SELF = YES;
				CLANG_WARN_OBJC_LITERAL_CONVERSION = YES;
				CLANG_WARN_OBJC_ROOT_CLASS = YES_ERROR;
				CLANG_WARN_QUOTED_INCLUDE_IN_FRAMEWORK_HEADER = YES;
				CLANG_WARN_RANGE_LOOP_ANALYSIS = YES;
				CLANG_WARN_STRICT_PROTOTYPES = YES;
				CLANG_WARN_SUSPICIOUS_MOVE = YES;
				CLANG_WARN_UNGUARDED_AVAILABILITY = YES_AGGRESSIVE;
				CLANG_WARN_UNREACHABLE_CODE = YES;
				CLANG_WARN__DUPLICATE_METHOD_MATCH = YES;
				COPY_PHASE_STRIP = NO;
				DEBUG_INFORMATION_FORMAT = "dwarf-with-dsym";
				DEVELOPMENT_TEAM = QUX9EWZ335;
				ENABLE_NS_ASSERTIONS = NO;
				ENABLE_STRICT_OBJC_MSGSEND = YES;
				ENABLE_USER_SCRIPT_SANDBOXING = YES;
				GCC_C_LANGUAGE_STANDARD = gnu17;
				GCC_NO_COMMON_BLOCKS = YES;
				GCC_WARN_64_TO_32_BIT_CONVERSION = YES;
				GCC_WARN_ABOUT_RETURN_TYPE = YES_ERROR;
				GCC_WARN_UNDECLARED_SELECTOR = YES;
				GCC_WARN_UNINITIALIZED_AUTOS = YES_AGGRESSIVE;
				GCC_WARN_UNUSED_FUNCTION = YES;
				GCC_WARN_UNUSED_VARIABLE = YES;
				IPHONEOS_DEPLOYMENT_TARGET = 26.5;
				LOCALIZATION_PREFERS_STRING_CATALOGS = YES;
				MTL_ENABLE_DEBUG_INFO = NO;
				MTL_FAST_MATH = YES;
				SDKROOT = iphoneos;
				SWIFT_COMPILATION_MODE = wholemodule;
				VALIDATE_PRODUCT = YES;
			};
			name = Release;
		};
		E152E2412FC2F9C30044EE7E /* Debug */ = {
			isa = XCBuildConfiguration;
			buildSettings = {
				ASSETCATALOG_COMPILER_APPICON_NAME = AppIcon;
				ASSETCATALOG_COMPILER_GLOBAL_ACCENT_COLOR_NAME = AccentColor;
				CODE_SIGN_ENTITLEMENTS = WikiReader.entitlements;
				CODE_SIGN_STYLE = Automatic;
				CURRENT_PROJECT_VERSION = 1;
				DEVELOPMENT_TEAM = QUX9EWZ335;
				ENABLE_PREVIEWS = YES;
				GENERATE_INFOPLIST_FILE = YES;
				INFOPLIST_KEY_UIApplicationSceneManifest_Generation = YES;
				INFOPLIST_KEY_UIApplicationSupportsIndirectInputEvents = YES;
				INFOPLIST_KEY_UILaunchScreen_Generation = YES;
				INFOPLIST_KEY_UISupportedInterfaceOrientations_iPad = "UIInterfaceOrientationPortrait UIInterfaceOrientationPortraitUpsideDown UIInterfaceOrientationLandscapeLeft UIInterfaceOrientationLandscapeRight";
				INFOPLIST_KEY_UISupportedInterfaceOrientations_iPhone = "UIInterfaceOrientationPortrait UIInterfaceOrientationLandscapeLeft UIInterfaceOrientationLandscapeRight";
				LD_RUNPATH_SEARCH_PATHS = (
					"$(inherited)",
					"@executable_path/Frameworks",
				);
				MARKETING_VERSION = 1.0;
				PRODUCT_BUNDLE_IDENTIFIER = com.anifoca.WikiReader;
				PRODUCT_NAME = "$(TARGET_NAME)";
				STRING_CATALOG_GENERATE_SYMBOLS = YES;
				SWIFT_APPROACHABLE_CONCURRENCY = YES;
				SWIFT_DEFAULT_ACTOR_ISOLATION = MainActor;
				SWIFT_EMIT_LOC_STRINGS = YES;
				SWIFT_UPCOMING_FEATURE_MEMBER_IMPORT_VISIBILITY = YES;
				SWIFT_VERSION = 5.0;
				TARGETED_DEVICE_FAMILY = "1,2";
			};
			name = Debug;
		};
		E152E2422FC2F9C30044EE7E /* Release */ = {
			isa = XCBuildConfiguration;
			buildSettings = {
				ASSETCATALOG_COMPILER_APPICON_NAME = AppIcon;
				ASSETCATALOG_COMPILER_GLOBAL_ACCENT_COLOR_NAME = AccentColor;
				CODE_SIGN_ENTITLEMENTS = WikiReader.entitlements;
				CODE_SIGN_STYLE = Automatic;
				CURRENT_PROJECT_VERSION = 1;
				DEVELOPMENT_TEAM = QUX9EWZ335;
				ENABLE_PREVIEWS = YES;
				GENERATE_INFOPLIST_FILE = YES;
				INFOPLIST_KEY_UIApplicationSceneManifest_Generation = YES;
				INFOPLIST_KEY_UIApplicationSupportsIndirectInputEvents = YES;
				INFOPLIST_KEY_UILaunchScreen_Generation = YES;
				INFOPLIST_KEY_UISupportedInterfaceOrientations_iPad = "UIInterfaceOrientationPortrait UIInterfaceOrientationPortraitUpsideDown UIInterfaceOrientationLandscapeLeft UIInterfaceOrientationLandscapeRight";
				INFOPLIST_KEY_UISupportedInterfaceOrientations_iPhone = "UIInterfaceOrientationPortrait UIInterfaceOrientationLandscapeLeft UIInterfaceOrientationLandscapeRight";
				LD_RUNPATH_SEARCH_PATHS = (
					"$(inherited)",
					"@executable_path/Frameworks",
				);
				MARKETING_VERSION = 1.0;
				PRODUCT_BUNDLE_IDENTIFIER = com.anifoca.WikiReader;
				PRODUCT_NAME = "$(TARGET_NAME)";
				STRING_CATALOG_GENERATE_SYMBOLS = YES;
				SWIFT_APPROACHABLE_CONCURRENCY = YES;
				SWIFT_DEFAULT_ACTOR_ISOLATION = MainActor;
				SWIFT_EMIT_LOC_STRINGS = YES;
				SWIFT_UPCOMING_FEATURE_MEMBER_IMPORT_VISIBILITY = YES;
				SWIFT_VERSION = 5.0;
				TARGETED_DEVICE_FAMILY = "1,2";
			};
			name = Release;
		};
/* End XCBuildConfiguration section */

/* Begin XCConfigurationList section */
		A7E76182C2D5276FFFC85000 /* Build configuration list for PBXNativeTarget "WikiReaderTests" */ = {
			isa = XCConfigurationList;
			buildConfigurations = (
				4102C625EFB600CF334DF78D /* Release */,
				CA490D4A7DD533F2829D6C34 /* Debug */,
			);
			defaultConfigurationIsVisible = 0;
			defaultConfigurationName = Release;
		};
		DBB9544443E3F7D07D1BFC27 /* Build configuration list for PBXNativeTarget "WikiReaderExtension" */ = {
			isa = XCConfigurationList;
			buildConfigurations = (
				AD3E482F34905C691EC755C4 /* Release */,
				70B466975DF462002F0D58FA /* Debug */,
			);
			defaultConfigurationIsVisible = 0;
			defaultConfigurationName = Release;
		};
		E152E2302FC2F9C10044EE7E /* Build configuration list for PBXProject "WikiReader" */ = {
			isa = XCConfigurationList;
			buildConfigurations = (
				E152E23E2FC2F9C30044EE7E /* Debug */,
				E152E23F2FC2F9C30044EE7E /* Release */,
			);
			defaultConfigurationIsVisible = 0;
			defaultConfigurationName = Release;
		};
		E152E2402FC2F9C30044EE7E /* Build configuration list for PBXNativeTarget "WikiReader" */ = {
			isa = XCConfigurationList;
			buildConfigurations = (
				E152E2412FC2F9C30044EE7E /* Debug */,
				E152E2422FC2F9C30044EE7E /* Release */,
			);
			defaultConfigurationIsVisible = 0;
			defaultConfigurationName = Release;
		};
/* End XCConfigurationList section */
	};
	rootObject = E152E22D2FC2F9C10044EE7E /* Project object */;
}
